
Microsoft Visual Studio Solution File, Format Version 12.00
# Visual Studio 15
VisualStudioVersion = 15.0.28010.2036
MinimumVisualStudioVersion = 10.0.40219.1
Project("{FAE04EC0-301F-11D3-BF4B-00C04F79EFBC}") = "testi nro 3", "testi nro 3\testi nro 3.csproj", "{41502E23-89B0-45EB-8508-D1AE5DDFA1DF}"
EndProject
Global
	GlobalSection(SolutionConfigurationPlatforms) = preSolution
		Debug|Any CPU = Debug|Any CPU
		Release|Any CPU = Release|Any CPU
	EndGlobalSection
	GlobalSection(ProjectConfigurationPlatforms) = postSolution
		{41502E23-89B0-45EB-8508-D1AE5DDFA1DF}.Debug|Any CPU.ActiveCfg = Debug|Any CPU
		{41502E23-89B0-45EB-8508-D1AE5DDFA1DF}.Debug|Any CPU.Build.0 = Debug|Any CPU
		{41502E23-89B0-45EB-8508-D1AE5DDFA1DF}.Release|Any CPU.ActiveCfg = Release|Any CPU
		{41502E23-89B0-45EB-8508-D1AE5DDFA1DF}.Release|Any CPU.Build.0 = Release|Any CPU
	EndGlobalSection
	GlobalSection(SolutionProperties) = preSolution
		HideSolutionNode = FALSE
	EndGlobalSection
	GlobalSection(ExtensibilityGlobals) = postSolution
		SolutionGuid = {CF931DD7-B289-43DB-96CF-7CDF5376A2BE}
	EndGlobalSection
EndGlobal
